{
  "name": "@cachepuppy/core",
  "version": "0.1.0",
  "lockfileVersion": 3,
  "requires": true,
  "packages": {
    "": {
      "name": "@cachepuppy/core",
      "version": "0.1.0",
      "dependencies": {
        "phoenix": "^1.8.1"
      },
      "devDependencies": {
        "typescript": "^5.9.3"
      }
    },
    "node_modules/phoenix": {
      "version": "1.8.5",
      "resolved": "https://registry.npmjs.org/phoenix/-/phoenix-1.8.5.tgz",
      "integrity": "sha512-Oj5nlRV/NKXkjBx8uMgCMmgMf1twd/B2qOcO30cHLH1PCGR8149o4T1lRIaqN4nq2KQJAeMqPiLdh1Asd0wQFg==",
      "license": "MIT"
    },
    "node_modules/typescript": {
      "version": "5.9.3",
      "resolved": "https://registry.npmjs.org/typescript/-/typescript-5.9.3.tgz",
      "integrity": "sha512-jl1vZzPDinLr9eUt3J/t7V6FgNEw9QjvBPdysz9KfQDD41fQrC2Y4vKQdiaUpFT4bXlb1RHhLpp8wtm6M5TgSw==",
      "dev": true,
      "license": "Apache-2.0",
      "bin": {
        "tsc": "bin/tsc",
        "tsserver": "bin/tsserver"
      },
      "engines": {
        "node": ">=14.17"
      }
    }
  }
}
