{
  "name": "beamline",
  "lockfileVersion": 3,
  "requires": true,
  "packages": {
    "": {
      "name": "beamline",
      "workspaces": [
        "cachepuppy_js_sdk",
        "cachepuppy_demo_app/frontend"
      ]
    },
    "beamline_demo_app/backend": {
      "name": "beamline_demo_backend",
      "version": "0.1.0",
      "extraneous": true,
      "dependencies": {
        "beamline_js_sdk": "file:../../beamline_js_sdk"
      },
      "devDependencies": {
        "typescript": "^5.9.3"
      }
    },
    "beamline_demo_app/frontend": {
      "name": "beamline_demo_frontend",
      "version": "0.1.0",
      "extraneous": true,
      "dependencies": {
        "cachepuppy_js_sdk": "file:../../cachepuppy_js_sdk"
      },
      "devDependencies": {
        "typescript": "^5.9.3"
      }
    },
    "beamline_js_sdk": {
      "version": "0.1.0",
      "extraneous": true,
      "dependencies": {
        "phoenix": "^1.8.1"
      },
      "devDependencies": {
        "typescript": "^5.9.3"
      }
    },
    "cachepuppy_demo_app/frontend": {
      "name": "cachepuppy_demo_frontend",
      "version": "0.1.0",
      "dependencies": {
        "cachepuppy_js_sdk": "file:../../cachepuppy_js_sdk"
      },
      "devDependencies": {
        "typescript": "^5.9.3"
      }
    },
    "cachepuppy_js_sdk": {
      "version": "0.1.0",
      "dependencies": {
        "phoenix": "^1.8.1"
      },
      "devDependencies": {
        "typescript": "^5.9.3"
      }
    },
    "node_modules/cachepuppy_demo_frontend": {
      "resolved": "cachepuppy_demo_app/frontend",
      "link": true
    },
    "node_modules/cachepuppy_js_sdk": {
      "resolved": "cachepuppy_js_sdk",
      "link": true
    },
    "node_modules/phoenix": {
      "version": "1.8.5",
      "resolved": "https://registry.npmjs.org/phoenix/-/phoenix-1.8.5.tgz",
      "integrity": "sha512-Oj5nlRV/NKXkjBx8uMgCMmgMf1twd/B2qOcO30cHLH1PCGR8149o4T1lRIaqN4nq2KQJAeMqPiLdh1Asd0wQFg==",
      "license": "MIT"
    },
    "node_modules/typescript": {
      "version": "5.9.3",
      "resolved": "https://registry.npmjs.org/typescript/-/typescript-5.9.3.tgz",
      "integrity": "sha512-jl1vZzPDinLr9eUt3J/t7V6FgNEw9QjvBPdysz9KfQDD41fQrC2Y4vKQdiaUpFT4bXlb1RHhLpp8wtm6M5TgSw==",
      "dev": true,
      "license": "Apache-2.0",
      "bin": {
        "tsc": "bin/tsc",
        "tsserver": "bin/tsserver"
      },
      "engines": {
        "node": ">=14.17"
      }
    }
  }
}
